github.com/go-logr/logr v0.2.0 h1:QvGt2nLcHH0WK9orKa+ppBPAxREcH364nPUedEpK0TY=
github.com/go-logr/logr v0.2.0/go.mod h1:z6/tIYblkpsD+a4lm/fGIIU9mZ+XfAiaFtq7xTgseGU=
gopkg.in/check.v1 v0.0.0-20161208181325-20d25e280405/go.mod h1:Co6ibVJAznAaIkqp8huTwlJQCZ016jof/cbN4VW5Yz0=
gopkg.in/yaml.v2 v2.3.0 h1:clyUAQHOM3G0M3f5vQj7LuJrETvjVot3Z5el9nffUtU=
gopkg.in/yaml.v2 v2.3.0/go.mod h1:hI93XBmqTisBFMUTm0b8Fm+jr3Dg1NNxqwp+5A1VGuI=
k8s.io/klog v1.0.0 h1:Pt+yjF5aB1xDSVbau4VsWe+dQNzA0qv1LlXdC2dF6Q8=
k8s.io/klog/v2 v2.3.0 h1:WmkrnW7fdrm0/DMClc+HIxtftvxVIPAhlVwMQo5yLco=
k8s.io/klog/v2 v2.3.0/go.mod h1:Od+F08eJP+W3HUb4pSrPpgp9DGU4GzlpG/TmITuYh/Y=
